// !$*UTF8*$!
{
	archiveVersion = 1;
	classes = {
	};
	objectVersion = 52;
	objects = {

/* Begin PBXBuildFile section */
		D5C17543247506BE00A546C2 /* ImageCache.swift in Sources */ = {isa = PBXBuildFile; fileRef = D5C17542247506BE00A546C2 /* ImageCache.swift */; };
		DCD636BC2473B0E200967328 /* JSONMockServerSession.swift in Sources */ = {isa = PBXBuildFile; fileRef = DCD636BB2473B0E200967328 /* JSONMockServerSession.swift */; };
		DCD636BF2473B0EC00967328 /* JSONMockServer.swift in Sources */ = {isa = PBXBuildFile; fileRef = DCD636BE2473B0EC00967328 /* JSONMockServer.swift */; };
		DCD636C02473B0EC00967328 /* JSONRequest.swift in Sources */ = {isa = PBXBuildFile; fileRef = DCD636BD2473B0EC00967328 /* JSONRequest.swift */; };
		DCD636C22473B0F400967328 /* URLRequest+Curl.swift in Sources */ = {isa = PBXBuildFile; fileRef = DCD636C12473B0F400967328 /* URLRequest+Curl.swift */; };
		DCD636C52473B1E900967328 /* SwiftCoroutine in Frameworks */ = {isa = PBXBuildFile; productRef = DCD636C42473B1E900967328 /* SwiftCoroutine */; };
		DCD636C72473B3A100967328 /* Logger.swift in Sources */ = {isa = PBXBuildFile; fileRef = DCD636C62473B3A100967328 /* Logger.swift */; };
		DCD636CD2473B51B00967328 /* SwiftyBeaverKit in Frameworks */ = {isa = PBXBuildFile; productRef = DCD636CC2473B51B00967328 /* SwiftyBeaverKit */; };
		DCD636D52473BF0100967328 /* RESTKitTests.swift in Sources */ = {isa = PBXBuildFile; fileRef = DCD636D42473BF0100967328 /* RESTKitTests.swift */; };
		DCD636D72473BF0200967328 /* ResonanceKit.framework in Frameworks */ = {isa = PBXBuildFile; fileRef = DCD636B02473B0B400967328 /* ResonanceKit.framework */; };
		DCD636DE2473BFE500967328 /* RiderTestBase.swift in Sources */ = {isa = PBXBuildFile; fileRef = DCD636DD2473BFE500967328 /* RiderTestBase.swift */; };
		DCD637DC2473C2EC00967328 /* Mocks in Resources */ = {isa = PBXBuildFile; fileRef = DCD637DB2473C2EC00967328 /* Mocks */; };
/* End PBXBuildFile section */

/* Begin PBXContainerItemProxy section */
		DCD636D82473BF0200967328 /* PBXContainerItemProxy */ = {
			isa = PBXContainerItemProxy;
			containerPortal = DCD636A72473B0B400967328 /* Project object */;
			proxyType = 1;
			remoteGlobalIDString = DCD636AF2473B0B400967328;
			remoteInfo = RESTKit;
		};
/* End PBXContainerItemProxy section */

/* Begin PBXFileReference section */
		D5C17542247506BE00A546C2 /* ImageCache.swift */ = {isa = PBXFileReference; lastKnownFileType = sourcecode.swift; path = ImageCache.swift; sourceTree = "<group>"; };
		DCD636B02473B0B400967328 /* ResonanceKit.framework */ = {isa = PBXFileReference; explicitFileType = wrapper.framework; includeInIndex = 0; path = ResonanceKit.framework; sourceTree = BUILT_PRODUCTS_DIR; };
		DCD636B42473B0B400967328 /* Info.plist */ = {isa = PBXFileReference; lastKnownFileType = text.plist.xml; path = Info.plist; sourceTree = "<group>"; };
		DCD636BB2473B0E200967328 /* JSONMockServerSession.swift */ = {isa = PBXFileReference; lastKnownFileType = sourcecode.swift; path = JSONMockServerSession.swift; sourceTree = "<group>"; };
		DCD636BD2473B0EC00967328 /* JSONRequest.swift */ = {isa = PBXFileReference; lastKnownFileType = sourcecode.swift; path = JSONRequest.swift; sourceTree = "<group>"; };
		DCD636BE2473B0EC00967328 /* JSONMockServer.swift */ = {isa = PBXFileReference; lastKnownFileType = sourcecode.swift; path = JSONMockServer.swift; sourceTree = "<group>"; };
		DCD636C12473B0F400967328 /* URLRequest+Curl.swift */ = {isa = PBXFileReference; lastKnownFileType = sourcecode.swift; path = "URLRequest+Curl.swift"; sourceTree = "<group>"; };
		DCD636C62473B3A100967328 /* Logger.swift */ = {isa = PBXFileReference; lastKnownFileType = sourcecode.swift; path = Logger.swift; sourceTree = "<group>"; };
		DCD636D22473BF0100967328 /* ResonanceKitTests.xctest */ = {isa = PBXFileReference; explicitFileType = wrapper.cfbundle; includeInIndex = 0; path = ResonanceKitTests.xctest; sourceTree = BUILT_PRODUCTS_DIR; };
		DCD636D42473BF0100967328 /* RESTKitTests.swift */ = {isa = PBXFileReference; lastKnownFileType = sourcecode.swift; path = RESTKitTests.swift; sourceTree = "<group>"; };
		DCD636D62473BF0100967328 /* Info.plist */ = {isa = PBXFileReference; lastKnownFileType = text.plist.xml; path = Info.plist; sourceTree = "<group>"; };
		DCD636DD2473BFE500967328 /* RiderTestBase.swift */ = {isa = PBXFileReference; lastKnownFileType = sourcecode.swift; path = RiderTestBase.swift; sourceTree = "<group>"; };
		DCD637DB2473C2EC00967328 /* Mocks */ = {isa = PBXFileReference; lastKnownFileType = folder; name = Mocks; path = ../../RideCore/Mocks; sourceTree = "<group>"; };
/* End PBXFileReference section */

/* Begin PBXFrameworksBuildPhase section */
		DCD636AD2473B0B400967328 /* Frameworks */ = {
			isa = PBXFrameworksBuildPhase;
			buildActionMask = 2147483647;
			files = (
				DCD636CD2473B51B00967328 /* SwiftyBeaverKit in Frameworks */,
				DCD636C52473B1E900967328 /* SwiftCoroutine in Frameworks */,
			);
			runOnlyForDeploymentPostprocessing = 0;
		};
		DCD636CF2473BF0100967328 /* Frameworks */ = {
			isa = PBXFrameworksBuildPhase;
			buildActionMask = 2147483647;
			files = (
				DCD636D72473BF0200967328 /* ResonanceKit.framework in Frameworks */,
			);
			runOnlyForDeploymentPostprocessing = 0;
		};
/* End PBXFrameworksBuildPhase section */

/* Begin PBXGroup section */
		DCD636A62473B0B400967328 = {
			isa = PBXGroup;
			children = (
				DCD636B22473B0B400967328 /* ResonanceKit */,
				DCD636D32473BF0100967328 /* ResonanceKitTests */,
				DCD636B12473B0B400967328 /* Products */,
			);
			sourceTree = "<group>";
		};
		DCD636B12473B0B400967328 /* Products */ = {
			isa = PBXGroup;
			children = (
				DCD636B02473B0B400967328 /* ResonanceKit.framework */,
				DCD636D22473BF0100967328 /* ResonanceKitTests.xctest */,
			);
			name = Products;
			sourceTree = "<group>";
		};
		DCD636B22473B0B400967328 /* ResonanceKit */ = {
			isa = PBXGroup;
			children = (
				DCD636BB2473B0E200967328 /* JSONMockServerSession.swift */,
				DCD636BE2473B0EC00967328 /* JSONMockServer.swift */,
				DCD636BD2473B0EC00967328 /* JSONRequest.swift */,
				DCD636C12473B0F400967328 /* URLRequest+Curl.swift */,
				D5C17542247506BE00A546C2 /* ImageCache.swift */,
				DCD636C62473B3A100967328 /* Logger.swift */,
				DCD636B42473B0B400967328 /* Info.plist */,
			);
			path = ResonanceKit;
			sourceTree = "<group>";
		};
		DCD636D32473BF0100967328 /* ResonanceKitTests */ = {
			isa = PBXGroup;
			children = (
				DCD637DB2473C2EC00967328 /* Mocks */,
				DCD636D42473BF0100967328 /* RESTKitTests.swift */,
				DCD636DD2473BFE500967328 /* RiderTestBase.swift */,
				DCD636D62473BF0100967328 /* Info.plist */,
			);
			path = ResonanceKitTests;
			sourceTree = "<group>";
		};
/* End PBXGroup section */

/* Begin PBXHeadersBuildPhase section */
		DCD636AB2473B0B400967328 /* Headers */ = {
			isa = PBXHeadersBuildPhase;
			buildActionMask = 2147483647;
			files = (
			);
			runOnlyForDeploymentPostprocessing = 0;
		};
/* End PBXHeadersBuildPhase section */

/* Begin PBXNativeTarget section */
		DCD636AF2473B0B400967328 /* ResonanceKit */ = {
			isa = PBXNativeTarget;
			buildConfigurationList = DCD636B82473B0B400967328 /* Build configuration list for PBXNativeTarget "ResonanceKit" */;
			buildPhases = (
				DCD636AB2473B0B400967328 /* Headers */,
				DCD636AC2473B0B400967328 /* Sources */,
				DCD636AD2473B0B400967328 /* Frameworks */,
				DCD636AE2473B0B400967328 /* Resources */,
			);
			buildRules = (
			);
			dependencies = (
			);
			name = ResonanceKit;
			packageProductDependencies = (
				DCD636C42473B1E900967328 /* SwiftCoroutine */,
				DCD636CC2473B51B00967328 /* SwiftyBeaverKit */,
			);
			productName = RESTKit;
			productReference = DCD636B02473B0B400967328 /* ResonanceKit.framework */;
			productType = "com.apple.product-type.framework";
		};
		DCD636D12473BF0100967328 /* ResonanceKitTests */ = {
			isa = PBXNativeTarget;
			buildConfigurationList = DCD636DA2473BF0200967328 /* Build configuration list for PBXNativeTarget "ResonanceKitTests" */;
			buildPhases = (
				DCD636CE2473BF0100967328 /* Sources */,
				DCD636CF2473BF0100967328 /* Frameworks */,
				DCD636D02473BF0100967328 /* Resources */,
			);
			buildRules = (
			);
			dependencies = (
				DCD636D92473BF0200967328 /* PBXTargetDependency */,
			);
			name = ResonanceKitTests;
			productName = RESTKitTests;
			productReference = DCD636D22473BF0100967328 /* ResonanceKitTests.xctest */;
			productType = "com.apple.product-type.bundle.unit-test";
		};
/* End PBXNativeTarget section */

/* Begin PBXProject section */
		DCD636A72473B0B400967328 /* Project object */ = {
			isa = PBXProject;
			attributes = {
				LastSwiftUpdateCheck = 1140;
				LastUpgradeCheck = 1140;
				ORGANIZATIONNAME = "Paul Ossenbruggen";
				TargetAttributes = {
					DCD636AF2473B0B400967328 = {
						CreatedOnToolsVersion = 11.4.1;
					};
					DCD636D12473BF0100967328 = {
						CreatedOnToolsVersion = 11.4.1;
					};
				};
			};
			buildConfigurationList = DCD636AA2473B0B400967328 /* Build configuration list for PBXProject "ResonanceKit" */;
			compatibilityVersion = "Xcode 9.3";
			developmentRegion = en;
			hasScannedForEncodings = 0;
			knownRegions = (
				en,
				Base,
			);
			mainGroup = DCD636A62473B0B400967328;
			packageReferences = (
				DCD636C32473B1E900967328 /* XCRemoteSwiftPackageReference "SwiftCoroutine" */,
				DCD636CB2473B51B00967328 /* XCRemoteSwiftPackageReference "SwiftyBeaver" */,
			);
			productRefGroup = DCD636B12473B0B400967328 /* Products */;
			projectDirPath = "";
			projectRoot = "";
			targets = (
				DCD636AF2473B0B400967328 /* ResonanceKit */,
				DCD636D12473BF0100967328 /* ResonanceKitTests */,
			);
		};
/* End PBXProject section */

/* Begin PBXResourcesBuildPhase section */
		DCD636AE2473B0B400967328 /* Resources */ = {
			isa = PBXResourcesBuildPhase;
			buildActionMask = 2147483647;
			files = (
			);
			runOnlyForDeploymentPostprocessing = 0;
		};
		DCD636D02473BF0100967328 /* Resources */ = {
			isa = PBXResourcesBuildPhase;
			buildActionMask = 2147483647;
			files = (
				DCD637DC2473C2EC00967328 /* Mocks in Resources */,
			);
			runOnlyForDeploymentPostprocessing = 0;
		};
/* End PBXResourcesBuildPhase section */

/* Begin PBXSourcesBuildPhase section */
		DCD636AC2473B0B400967328 /* Sources */ = {
			isa = PBXSourcesBuildPhase;
			buildActionMask = 2147483647;
			files = (
				D5C17543247506BE00A546C2 /* ImageCache.swift in Sources */,
				DCD636C72473B3A100967328 /* Logger.swift in Sources */,
				DCD636BF2473B0EC00967328 /* JSONMockServer.swift in Sources */,
				DCD636C22473B0F400967328 /* URLRequest+Curl.swift in Sources */,
				DCD636BC2473B0E200967328 /* JSONMockServerSession.swift in Sources */,
				DCD636C02473B0EC00967328 /* JSONRequest.swift in Sources */,
			);
			runOnlyForDeploymentPostprocessing = 0;
		};
		DCD636CE2473BF0100967328 /* Sources */ = {
			isa = PBXSourcesBuildPhase;
			buildActionMask = 2147483647;
			files = (
				DCD636D52473BF0100967328 /* RESTKitTests.swift in Sources */,
				DCD636DE2473BFE500967328 /* RiderTestBase.swift in Sources */,
			);
			runOnlyForDeploymentPostprocessing = 0;
		};
/* End PBXSourcesBuildPhase section */

/* Begin PBXTargetDependency section */
		DCD636D92473BF0200967328 /* PBXTargetDependency */ = {
			isa = PBXTargetDependency;
			target = DCD636AF2473B0B400967328 /* ResonanceKit */;
			targetProxy = DCD636D82473BF0200967328 /* PBXContainerItemProxy */;
		};
/* End PBXTargetDependency section */

/* Begin XCBuildConfiguration section */
		DCD636B62473B0B400967328 /* Debug */ = {
			isa = XCBuildConfiguration;
			buildSettings = {
				ALWAYS_SEARCH_USER_PATHS = NO;
				CLANG_ANALYZER_NONNULL = YES;
				CLANG_ANALYZER_NUMBER_OBJECT_CONVERSION = YES_AGGRESSIVE;
				CLANG_CXX_LANGUAGE_STANDARD = "gnu++14";
				CLANG_CXX_LIBRARY = "libc++";
				CLANG_ENABLE_MODULES = YES;
				CLANG_ENABLE_OBJC_ARC = YES;
				CLANG_ENABLE_OBJC_WEAK = YES;
				CLANG_WARN_BLOCK_CAPTURE_AUTORELEASING = YES;
				CLANG_WARN_BOOL_CONVERSION = YES;
				CLANG_WARN_COMMA = YES;
				CLANG_WARN_CONSTANT_CONVERSION = YES;
				CLANG_WARN_DEPRECATED_OBJC_IMPLEMENTATIONS = YES;
				CLANG_WARN_DIRECT_OBJC_ISA_USAGE = YES_ERROR;
				CLANG_WARN_DOCUMENTATION_COMMENTS = YES;
				CLANG_WARN_EMPTY_BODY = YES;
				CLANG_WARN_ENUM_CONVERSION = YES;
				CLANG_WARN_INFINITE_RECURSION = YES;
				CLANG_WARN_INT_CONVERSION = YES;
				CLANG_WARN_NON_LITERAL_NULL_CONVERSION = YES;
				CLANG_WARN_OBJC_IMPLICIT_RETAIN_SELF = YES;
				CLANG_WARN_OBJC_LITERAL_CONVERSION = YES;
				CLANG_WARN_OBJC_ROOT_CLASS = YES_ERROR;
				CLANG_WARN_RANGE_LOOP_ANALYSIS = YES;
				CLANG_WARN_STRICT_PROTOTYPES = YES;
				CLANG_WARN_SUSPICIOUS_MOVE = YES;
				CLANG_WARN_UNGUARDED_AVAILABILITY = YES_AGGRESSIVE;
				CLANG_WARN_UNREACHABLE_CODE = YES;
				CLANG_WARN__DUPLICATE_METHOD_MATCH = YES;
				COPY_PHASE_STRIP = NO;
				CURRENT_PROJECT_VERSION = 1;
				DEBUG_INFORMATION_FORMAT = dwarf;
				ENABLE_STRICT_OBJC_MSGSEND = YES;
				ENABLE_TESTABILITY = YES;
				GCC_C_LANGUAGE_STANDARD = gnu11;
				GCC_DYNAMIC_NO_PIC = NO;
				GCC_NO_COMMON_BLOCKS = YES;
				GCC_OPTIMIZATION_LEVEL = 0;
				GCC_PREPROCESSOR_DEFINITIONS = (
					"DEBUG=1",
					"$(inherited)",
				);
				GCC_WARN_64_TO_32_BIT_CONVERSION = YES;
				GCC_WARN_ABOUT_RETURN_TYPE = YES_ERROR;
				GCC_WARN_UNDECLARED_SELECTOR = YES;
				GCC_WARN_UNINITIALIZED_AUTOS = YES_AGGRESSIVE;
				GCC_WARN_UNUSED_FUNCTION = YES;
				GCC_WARN_UNUSED_VARIABLE = YES;
				IPHONEOS_DEPLOYMENT_TARGET = 13.4;
				MTL_ENABLE_DEBUG_INFO = INCLUDE_SOURCE;
				MTL_FAST_MATH = YES;
				ONLY_ACTIVE_ARCH = YES;
				SDKROOT = iphoneos;
				SWIFT_ACTIVE_COMPILATION_CONDITIONS = DEBUG;
				SWIFT_OPTIMIZATION_LEVEL = "-Onone";
				VERSIONING_SYSTEM = "apple-generic";
				VERSION_INFO_PREFIX = "";
			};
			name = Debug;
		};
		DCD636B72473B0B400967328 /* Release */ = {
			isa = XCBuildConfiguration;
			buildSettings = {
				ALWAYS_SEARCH_USER_PATHS = NO;
				CLANG_ANALYZER_NONNULL = YES;
				CLANG_ANALYZER_NUMBER_OBJECT_CONVERSION = YES_AGGRESSIVE;
				CLANG_CXX_LANGUAGE_STANDARD = "gnu++14";
				CLANG_CXX_LIBRARY = "libc++";
				CLANG_ENABLE_MODULES = YES;
				CLANG_ENABLE_OBJC_ARC = YES;
				CLANG_ENABLE_OBJC_WEAK = YES;
				CLANG_WARN_BLOCK_CAPTURE_AUTORELEASING = YES;
				CLANG_WARN_BOOL_CONVERSION = YES;
				CLANG_WARN_COMMA = YES;
				CLANG_WARN_CONSTANT_CONVERSION = YES;
				CLANG_WARN_DEPRECATED_OBJC_IMPLEMENTATIONS = YES;
				CLANG_WARN_DIRECT_OBJC_ISA_USAGE = YES_ERROR;
				CLANG_WARN_DOCUMENTATION_COMMENTS = YES;
				CLANG_WARN_EMPTY_BODY = YES;
				CLANG_WARN_ENUM_CONVERSION = YES;
				CLANG_WARN_INFINITE_RECURSION = YES;
				CLANG_WARN_INT_CONVERSION = YES;
				CLANG_WARN_NON_LITERAL_NULL_CONVERSION = YES;
				CLANG_WARN_OBJC_IMPLICIT_RETAIN_SELF = YES;
				CLANG_WARN_OBJC_LITERAL_CONVERSION = YES;
				CLANG_WARN_OBJC_ROOT_CLASS = YES_ERROR;
				CLANG_WARN_RANGE_LOOP_ANALYSIS = YES;
				CLANG_WARN_STRICT_PROTOTYPES = YES;
				CLANG_WARN_SUSPICIOUS_MOVE = YES;
				CLANG_WARN_UNGUARDED_AVAILABILITY = YES_AGGRESSIVE;
				CLANG_WARN_UNREACHABLE_CODE = YES;
				CLANG_WARN__DUPLICATE_METHOD_MATCH = YES;
				COPY_PHASE_STRIP = NO;
				CURRENT_PROJECT_VERSION = 1;
				DEBUG_INFORMATION_FORMAT = "dwarf-with-dsym";
				ENABLE_NS_ASSERTIONS = NO;
				ENABLE_STRICT_OBJC_MSGSEND = YES;
				GCC_C_LANGUAGE_STANDARD = gnu11;
				GCC_NO_COMMON_BLOCKS = YES;
				GCC_WARN_64_TO_32_BIT_CONVERSION = YES;
				GCC_WARN_ABOUT_RETURN_TYPE = YES_ERROR;
				GCC_WARN_UNDECLARED_SELECTOR = YES;
				GCC_WARN_UNINITIALIZED_AUTOS = YES_AGGRESSIVE;
				GCC_WARN_UNUSED_FUNCTION = YES;
				GCC_WARN_UNUSED_VARIABLE = YES;
				IPHONEOS_DEPLOYMENT_TARGET = 13.4;
				MTL_ENABLE_DEBUG_INFO = NO;
				MTL_FAST_MATH = YES;
				SDKROOT = iphoneos;
				SWIFT_COMPILATION_MODE = wholemodule;
				SWIFT_OPTIMIZATION_LEVEL = "-O";
				VALIDATE_PRODUCT = YES;
				VERSIONING_SYSTEM = "apple-generic";
				VERSION_INFO_PREFIX = "";
			};
			name = Release;
		};
		DCD636B92473B0B400967328 /* Debug */ = {
			isa = XCBuildConfiguration;
			buildSettings = {
				CODE_SIGN_STYLE = Automatic;
				DEFINES_MODULE = YES;
				DEVELOPMENT_TEAM = VAJ22W7C3A;
				DYLIB_COMPATIBILITY_VERSION = 1;
				DYLIB_CURRENT_VERSION = 1;
				DYLIB_INSTALL_NAME_BASE = "@rpath";
				INFOPLIST_FILE = ResonanceKit/Info.plist;
				INSTALL_PATH = "$(LOCAL_LIBRARY_DIR)/Frameworks";
				LD_RUNPATH_SEARCH_PATHS = (
					"$(inherited)",
					"@executable_path/Frameworks",
					"@loader_path/Frameworks",
				);
				PRODUCT_BUNDLE_IDENTIFIER = com.synthus.RestKit.RESTKit;
				PRODUCT_NAME = "$(TARGET_NAME:c99extidentifier)";
				SKIP_INSTALL = YES;
				SWIFT_VERSION = 5.0;
				TARGETED_DEVICE_FAMILY = "1,2";
			};
			name = Debug;
		};
		DCD636BA2473B0B400967328 /* Release */ = {
			isa = XCBuildConfiguration;
			buildSettings = {
				CODE_SIGN_STYLE = Automatic;
				DEFINES_MODULE = YES;
				DEVELOPMENT_TEAM = VAJ22W7C3A;
				DYLIB_COMPATIBILITY_VERSION = 1;
				DYLIB_CURRENT_VERSION = 1;
				DYLIB_INSTALL_NAME_BASE = "@rpath";
				INFOPLIST_FILE = ResonanceKit/Info.plist;
				INSTALL_PATH = "$(LOCAL_LIBRARY_DIR)/Frameworks";
				LD_RUNPATH_SEARCH_PATHS = (
					"$(inherited)",
					"@executable_path/Frameworks",
					"@loader_path/Frameworks",
				);
				PRODUCT_BUNDLE_IDENTIFIER = com.synthus.RestKit.RESTKit;
				PRODUCT_NAME = "$(TARGET_NAME:c99extidentifier)";
				SKIP_INSTALL = YES;
				SWIFT_VERSION = 5.0;
				TARGETED_DEVICE_FAMILY = "1,2";
			};
			name = Release;
		};
		DCD636DB2473BF0200967328 /* Debug */ = {
			isa = XCBuildConfiguration;
			buildSettings = {
				CODE_SIGN_STYLE = Automatic;
				DEVELOPMENT_TEAM = VAJ22W7C3A;
				INFOPLIST_FILE = ResonanceKitTests/Info.plist;
				LD_RUNPATH_SEARCH_PATHS = (
					"$(inherited)",
					"@executable_path/Frameworks",
					"@loader_path/Frameworks",
				);
				PRODUCT_BUNDLE_IDENTIFIER = com.synthus.RestKit.RESTKitTests;
				PRODUCT_NAME = "$(TARGET_NAME)";
				SWIFT_VERSION = 5.0;
				TARGETED_DEVICE_FAMILY = "1,2";
			};
			name = Debug;
		};
		DCD636DC2473BF0200967328 /* Release */ = {
			isa = XCBuildConfiguration;
			buildSettings = {
				CODE_SIGN_STYLE = Automatic;
				DEVELOPMENT_TEAM = VAJ22W7C3A;
				INFOPLIST_FILE = ResonanceKitTests/Info.plist;
				LD_RUNPATH_SEARCH_PATHS = (
					"$(inherited)",
					"@executable_path/Frameworks",
					"@loader_path/Frameworks",
				);
				PRODUCT_BUNDLE_IDENTIFIER = com.synthus.RestKit.RESTKitTests;
				PRODUCT_NAME = "$(TARGET_NAME)";
				SWIFT_VERSION = 5.0;
				TARGETED_DEVICE_FAMILY = "1,2";
			};
			name = Release;
		};
/* End XCBuildConfiguration section */

/* Begin XCConfigurationList section */
		DCD636AA2473B0B400967328 /* Build configuration list for PBXProject "ResonanceKit" */ = {
			isa = XCConfigurationList;
			buildConfigurations = (
				DCD636B62473B0B400967328 /* Debug */,
				DCD636B72473B0B400967328 /* Release */,
			);
			defaultConfigurationIsVisible = 0;
			defaultConfigurationName = Release;
		};
		DCD636B82473B0B400967328 /* Build configuration list for PBXNativeTarget "ResonanceKit" */ = {
			isa = XCConfigurationList;
			buildConfigurations = (
				DCD636B92473B0B400967328 /* Debug */,
				DCD636BA2473B0B400967328 /* Release */,
			);
			defaultConfigurationIsVisible = 0;
			defaultConfigurationName = Release;
		};
		DCD636DA2473BF0200967328 /* Build configuration list for PBXNativeTarget "ResonanceKitTests" */ = {
			isa = XCConfigurationList;
			buildConfigurations = (
				DCD636DB2473BF0200967328 /* Debug */,
				DCD636DC2473BF0200967328 /* Release */,
			);
			defaultConfigurationIsVisible = 0;
			defaultConfigurationName = Release;
		};
/* End XCConfigurationList section */

/* Begin XCRemoteSwiftPackageReference section */
		DCD636C32473B1E900967328 /* XCRemoteSwiftPackageReference "SwiftCoroutine" */ = {
			isa = XCRemoteSwiftPackageReference;
			repositoryURL = "git@github.com:belozierov/SwiftCoroutine.git";
			requirement = {
				kind = upToNextMajorVersion;
				minimumVersion = 2.1.2;
			};
		};
		DCD636CB2473B51B00967328 /* XCRemoteSwiftPackageReference "SwiftyBeaver" */ = {
			isa = XCRemoteSwiftPackageReference;
			repositoryURL = "git@github.com:possen/SwiftyBeaver.git";
			requirement = {
				branch = master;
				kind = branch;
			};
		};
/* End XCRemoteSwiftPackageReference section */

/* Begin XCSwiftPackageProductDependency section */
		DCD636C42473B1E900967328 /* SwiftCoroutine */ = {
			isa = XCSwiftPackageProductDependency;
			package = DCD636C32473B1E900967328 /* XCRemoteSwiftPackageReference "SwiftCoroutine" */;
			productName = SwiftCoroutine;
		};
		DCD636CC2473B51B00967328 /* SwiftyBeaverKit */ = {
			isa = XCSwiftPackageProductDependency;
			package = DCD636CB2473B51B00967328 /* XCRemoteSwiftPackageReference "SwiftyBeaver" */;
			productName = SwiftyBeaverKit;
		};
/* End XCSwiftPackageProductDependency section */
	};
	rootObject = DCD636A72473B0B400967328 /* Project object */;
}
